
Microsoft Visual Studio Solution File, Format Version 12.00
# Visual Studio Version 17
VisualStudioVersion = 17.5.33414.496
MinimumVisualStudioVersion = 10.0.40219.1
Project("{9A19103F-16F7-4668-BE54-9A1E7A4F7556}") = "HW3", "HW3\HW3.csproj", "{0049CECA-542B-476A-B1CD-BB55BB2F7FE6}"
EndProject
Project("{9A19103F-16F7-4668-BE54-9A1E7A4F7556}") = "HW2", "HW2\HW2.csproj", "{4C9D7A7A-FD92-4D76-9960-26772C5AEABB}"
EndProject
Project("{FAE04EC0-301F-11D3-BF4B-00C04F79EFBC}") = "HW4", "..\HW4\HW4.csproj", "{4ED8F773-4A89-42AD-BAF1-78A422657A31}"
EndProject
Global
	GlobalSection(SolutionConfigurationPlatforms) = preSolution
		Debug|Any CPU = Debug|Any CPU
		Release|Any CPU = Release|Any CPU
	EndGlobalSection
	GlobalSection(ProjectConfigurationPlatforms) = postSolution
		{0049CECA-542B-476A-B1CD-BB55BB2F7FE6}.Debug|Any CPU.ActiveCfg = Debug|Any CPU
		{0049CECA-542B-476A-B1CD-BB55BB2F7FE6}.Debug|Any CPU.Build.0 = Debug|Any CPU
		{0049CECA-542B-476A-B1CD-BB55BB2F7FE6}.Release|Any CPU.ActiveCfg = Release|Any CPU
		{0049CECA-542B-476A-B1CD-BB55BB2F7FE6}.Release|Any CPU.Build.0 = Release|Any CPU
		{4C9D7A7A-FD92-4D76-9960-26772C5AEABB}.Debug|Any CPU.ActiveCfg = Debug|Any CPU
		{4C9D7A7A-FD92-4D76-9960-26772C5AEABB}.Debug|Any CPU.Build.0 = Debug|Any CPU
		{4C9D7A7A-FD92-4D76-9960-26772C5AEABB}.Release|Any CPU.ActiveCfg = Release|Any CPU
		{4C9D7A7A-FD92-4D76-9960-26772C5AEABB}.Release|Any CPU.Build.0 = Release|Any CPU
		{4ED8F773-4A89-42AD-BAF1-78A422657A31}.Debug|Any CPU.ActiveCfg = Debug|Any CPU
		{4ED8F773-4A89-42AD-BAF1-78A422657A31}.Debug|Any CPU.Build.0 = Debug|Any CPU
		{4ED8F773-4A89-42AD-BAF1-78A422657A31}.Release|Any CPU.ActiveCfg = Release|Any CPU
		{4ED8F773-4A89-42AD-BAF1-78A422657A31}.Release|Any CPU.Build.0 = Release|Any CPU
	EndGlobalSection
	GlobalSection(SolutionProperties) = preSolution
		HideSolutionNode = FALSE
	EndGlobalSection
	GlobalSection(ExtensibilityGlobals) = postSolution
		SolutionGuid = {83A8B3AE-8A18-43CB-BB32-5FCDEB3C5BD9}
	EndGlobalSection
EndGlobal
