
Microsoft Visual Studio Solution File, Format Version 12.00
# Visual Studio Version 17
VisualStudioVersion = 17.5.33414.496
MinimumVisualStudioVersion = 10.0.40219.1
Project("{9A19103F-16F7-4668-BE54-9A1E7A4F7556}") = "HW3", "HW3\HW3.csproj", "{0049CECA-542B-476A-B1CD-BB55BB2F7FE6}"
EndProject
Project("{9A19103F-16F7-4668-BE54-9A1E7A4F7556}") = "HW2", "HW2\HW2.csproj", "{1ECD0B51-072A-4C15-8438-77881041CD83}"
EndProject
Project("{9A19103F-16F7-4668-BE54-9A1E7A4F7556}") = "HW4", "HW4\HW4.csproj", "{3C08DE6C-6E13-4F29-BC63-108B6ADCE854}"
EndProject
Project("{9A19103F-16F7-4668-BE54-9A1E7A4F7556}") = "OOP", "OOP\OOP.csproj", "{8C2CBA45-4599-4A3C-A471-CDC12914D248}"
EndProject
Project("{9A19103F-16F7-4668-BE54-9A1E7A4F7556}") = "DataBase", "DataBase\DataBase.csproj", "{3D3FBF5B-6875-4B33-A209-7916E736A116}"
EndProject
Project("{FAE04EC0-301F-11D3-BF4B-00C04F79EFBC}") = "Part2_HW1", "WebApplication1\Part2_HW1.csproj", "{1150AF5E-1BF5-49CD-AB1A-D82D8B1EEDAB}"
EndProject
Global
	GlobalSection(SolutionConfigurationPlatforms) = preSolution
		Debug|Any CPU = Debug|Any CPU
		Release|Any CPU = Release|Any CPU
	EndGlobalSection
	GlobalSection(ProjectConfigurationPlatforms) = postSolution
		{0049CECA-542B-476A-B1CD-BB55BB2F7FE6}.Debug|Any CPU.ActiveCfg = Debug|Any CPU
		{0049CECA-542B-476A-B1CD-BB55BB2F7FE6}.Debug|Any CPU.Build.0 = Debug|Any CPU
		{0049CECA-542B-476A-B1CD-BB55BB2F7FE6}.Release|Any CPU.ActiveCfg = Release|Any CPU
		{0049CECA-542B-476A-B1CD-BB55BB2F7FE6}.Release|Any CPU.Build.0 = Release|Any CPU
		{1ECD0B51-072A-4C15-8438-77881041CD83}.Debug|Any CPU.ActiveCfg = Debug|Any CPU
		{1ECD0B51-072A-4C15-8438-77881041CD83}.Debug|Any CPU.Build.0 = Debug|Any CPU
		{1ECD0B51-072A-4C15-8438-77881041CD83}.Release|Any CPU.ActiveCfg = Release|Any CPU
		{1ECD0B51-072A-4C15-8438-77881041CD83}.Release|Any CPU.Build.0 = Release|Any CPU
		{3C08DE6C-6E13-4F29-BC63-108B6ADCE854}.Debug|Any CPU.ActiveCfg = Debug|Any CPU
		{3C08DE6C-6E13-4F29-BC63-108B6ADCE854}.Debug|Any CPU.Build.0 = Debug|Any CPU
		{3C08DE6C-6E13-4F29-BC63-108B6ADCE854}.Release|Any CPU.ActiveCfg = Release|Any CPU
		{3C08DE6C-6E13-4F29-BC63-108B6ADCE854}.Release|Any CPU.Build.0 = Release|Any CPU
		{8C2CBA45-4599-4A3C-A471-CDC12914D248}.Debug|Any CPU.ActiveCfg = Debug|Any CPU
		{8C2CBA45-4599-4A3C-A471-CDC12914D248}.Debug|Any CPU.Build.0 = Debug|Any CPU
		{8C2CBA45-4599-4A3C-A471-CDC12914D248}.Release|Any CPU.ActiveCfg = Release|Any CPU
		{8C2CBA45-4599-4A3C-A471-CDC12914D248}.Release|Any CPU.Build.0 = Release|Any CPU
		{3D3FBF5B-6875-4B33-A209-7916E736A116}.Debug|Any CPU.ActiveCfg = Debug|Any CPU
		{3D3FBF5B-6875-4B33-A209-7916E736A116}.Debug|Any CPU.Build.0 = Debug|Any CPU
		{3D3FBF5B-6875-4B33-A209-7916E736A116}.Release|Any CPU.ActiveCfg = Release|Any CPU
		{3D3FBF5B-6875-4B33-A209-7916E736A116}.Release|Any CPU.Build.0 = Release|Any CPU
		{1150AF5E-1BF5-49CD-AB1A-D82D8B1EEDAB}.Debug|Any CPU.ActiveCfg = Debug|Any CPU
		{1150AF5E-1BF5-49CD-AB1A-D82D8B1EEDAB}.Debug|Any CPU.Build.0 = Debug|Any CPU
		{1150AF5E-1BF5-49CD-AB1A-D82D8B1EEDAB}.Release|Any CPU.ActiveCfg = Release|Any CPU
		{1150AF5E-1BF5-49CD-AB1A-D82D8B1EEDAB}.Release|Any CPU.Build.0 = Release|Any CPU
	EndGlobalSection
	GlobalSection(SolutionProperties) = preSolution
		HideSolutionNode = FALSE
	EndGlobalSection
	GlobalSection(ExtensibilityGlobals) = postSolution
		SolutionGuid = {83A8B3AE-8A18-43CB-BB32-5FCDEB3C5BD9}
	EndGlobalSection
EndGlobal
